---
http_interactions:
- request:
    method: post
    uri: https://api.anthropic.com/v1/messages
    body:
      encoding: UTF-8
      string: '{"model":"claude-haiku-4-5-20251001","messages":[{"role":"user","content":"##
        Input Values\n```json\n{\n  \"html\": \"<pre><code class=\\\"language-javascript\\\">console.log(\\\"hello\\\");</code></pre>\"\n}\n```"}],"max_tokens":4096,"temperature":0.0,"tools":[{"name":"json_output","description":"Output
        the result in the required JSON format","input_schema":{"type":"object","properties":{"markdown":{"type":"string"}},"required":["markdown"]}}],"tool_choice":{"type":"tool","name":"json_output"},"system":"Your
        input schema fields are:\n```json\n{\n  \"$schema\": \"http://json-schema.org/draft-06/schema#\",\n  \"type\":
        \"object\",\n  \"properties\": {\n    \"html\": {\n      \"type\": \"string\",\n      \"description\":
        \"Raw HTML content to convert to Markdown\"\n    }\n  },\n  \"required\":
        [\n    \"html\"\n  ]\n}\n```\n\nYour objective is: Convert HTML content directly
        to Markdown string format.\n\nApply standard Markdown conversions:\n- Headers:
        <h1> -> # , <h2> -> ## , etc.\n- Bold: <strong> or <b> -> **text**\n- Italic:
        <em> or <i> -> *text*\n- Inline code: <code> -> `code`\n- Code blocks: <pre><code
        class=\"language-X\"> -> ```X\\ncode\\n```\n- Links: <a href=\"url\">text</a>
        -> [text](url)\n- Images: <img src=\"url\" alt=\"text\"> -> ![text](url)\n-
        Unordered lists: <ul><li> -> - item\n- Ordered lists: <ol><li> -> 1. item\n-
        Blockquotes: <blockquote> -> > text\n- Horizontal rules: <hr> -> ---\n- Strikethrough:
        <del> or <s> -> ~~text~~\n\nPreserve:\n- Text content exactly as written\n-
        Paragraph breaks between block elements\n- Proper nesting of formatting (bold
        within italic, etc.)\n"}'
    headers:
      Accept-Encoding:
      - gzip;q=1.0,deflate;q=0.6,identity;q=0.3
      Accept:
      - application/json
      User-Agent:
      - Anthropic::Client/Ruby 1.15.1
      Host:
      - api.anthropic.com
      X-Stainless-Arch:
      - arm64
      X-Stainless-Lang:
      - ruby
      X-Stainless-Os:
      - MacOS
      X-Stainless-Package-Version:
      - 1.15.1
      X-Stainless-Runtime:
      - ruby
      X-Stainless-Runtime-Version:
      - 3.4.5
      Content-Type:
      - application/json
      Anthropic-Version:
      - '2023-06-01'
      X-Api-Key:
      - "<ANTHROPIC_API_KEY>"
      X-Stainless-Retry-Count:
      - '0'
      X-Stainless-Timeout:
      - '600.0'
      Content-Length:
      - '1619'
  response:
    status:
      code: 200
      message: OK
    headers:
      Date:
      - Tue, 30 Dec 2025 08:27:42 GMT
      Content-Type:
      - application/json
      Transfer-Encoding:
      - chunked
      Connection:
      - keep-alive
      Anthropic-Ratelimit-Input-Tokens-Limit:
      - '450000'
      Anthropic-Ratelimit-Input-Tokens-Remaining:
      - '450000'
      Anthropic-Ratelimit-Input-Tokens-Reset:
      - '2025-12-30T08:27:41Z'
      Anthropic-Ratelimit-Output-Tokens-Limit:
      - '90000'
      Anthropic-Ratelimit-Output-Tokens-Remaining:
      - '90000'
      Anthropic-Ratelimit-Output-Tokens-Reset:
      - '2025-12-30T08:27:41Z'
      Anthropic-Ratelimit-Requests-Limit:
      - '1000'
      Anthropic-Ratelimit-Requests-Remaining:
      - '999'
      Anthropic-Ratelimit-Requests-Reset:
      - '2025-12-30T08:27:40Z'
      Anthropic-Ratelimit-Tokens-Limit:
      - '540000'
      Anthropic-Ratelimit-Tokens-Remaining:
      - '540000'
      Anthropic-Ratelimit-Tokens-Reset:
      - '2025-12-30T08:27:41Z'
      Request-Id:
      - req_011CWcZ9gk9VJRTkjvR5LD1m
      Strict-Transport-Security:
      - max-age=31536000; includeSubDomains; preload
      Anthropic-Organization-Id:
      - '008b8384-4ae5-436d-a319-c5a07111a158'
      Server:
      - cloudflare
      X-Envoy-Upstream-Service-Time:
      - '1594'
      Cf-Cache-Status:
      - DYNAMIC
      X-Robots-Tag:
      - none
      Cf-Ray:
      - 9b6028c9b9e042e6-EWR
    body:
      encoding: ASCII-8BIT
      string: '{"model":"claude-haiku-4-5-20251001","id":"msg_013JNqFdPZGpZrh5Lh642nZi","type":"message","role":"assistant","content":[{"type":"tool_use","id":"toolu_012vsyMJpYd5uRyJ6FDczJwM","name":"json_output","input":{"markdown":"```javascript\nconsole.log(\"hello\");\n```"}}],"stop_reason":"tool_use","stop_sequence":null,"usage":{"input_tokens":1059,"cache_creation_input_tokens":0,"cache_read_input_tokens":0,"cache_creation":{"ephemeral_5m_input_tokens":0,"ephemeral_1h_input_tokens":0},"output_tokens":43,"service_tier":"standard"}}'
  recorded_at: Tue, 30 Dec 2025 08:27:42 GMT
recorded_with: VCR 6.3.1
